// !$*UTF8*$!
{
	archiveVersion = 1;
	classes = {
	};
	objectVersion = 50;
	objects = {

/* Begin PBXBuildFile section */
		63BCAF0425A136FA00537C17 /* AppDelegate.swift in Sources */ = {isa = PBXBuildFile; fileRef = 63BCAF0325A136FA00537C17 /* AppDelegate.swift */; };
		63BCAF0E25A136FE00537C17 /* Main.storyboard in Resources */ = {isa = PBXBuildFile; fileRef = 63BCAF0C25A136FE00537C17 /* Main.storyboard */; };
		63BCAF1C25A1374500537C17 /* FlameView.swift in Sources */ = {isa = PBXBuildFile; fileRef = 63BCAF1B25A1374500537C17 /* FlameView.swift */; };
		63BCAF2325A137E500537C17 /* FlameManager.swift in Sources */ = {isa = PBXBuildFile; fileRef = 63BCAF2225A137E500537C17 /* FlameManager.swift */; };
		63BCAF2C25A1436300537C17 /* Assets.xcassets in Resources */ = {isa = PBXBuildFile; fileRef = 63BCAF2B25A1436300537C17 /* Assets.xcassets */; };
/* End PBXBuildFile section */

/* Begin PBXFileReference section */
		63BCAF0025A136FA00537C17 /* Flame.app */ = {isa = PBXFileReference; explicitFileType = wrapper.application; includeInIndex = 0; path = Flame.app; sourceTree = BUILT_PRODUCTS_DIR; };
		63BCAF0325A136FA00537C17 /* AppDelegate.swift */ = {isa = PBXFileReference; lastKnownFileType = sourcecode.swift; path = AppDelegate.swift; sourceTree = "<group>"; };
		63BCAF0D25A136FE00537C17 /* Base */ = {isa = PBXFileReference; lastKnownFileType = file.storyboard; name = Base; path = Base.lproj/Main.storyboard; sourceTree = "<group>"; };
		63BCAF0F25A136FE00537C17 /* Info.plist */ = {isa = PBXFileReference; lastKnownFileType = text.plist.xml; path = Info.plist; sourceTree = "<group>"; };
		63BCAF1025A136FE00537C17 /* Flame.entitlements */ = {isa = PBXFileReference; lastKnownFileType = text.plist.entitlements; path = Flame.entitlements; sourceTree = "<group>"; };
		63BCAF1B25A1374500537C17 /* FlameView.swift */ = {isa = PBXFileReference; lastKnownFileType = sourcecode.swift; path = FlameView.swift; sourceTree = "<group>"; };
		63BCAF2225A137E500537C17 /* FlameManager.swift */ = {isa = PBXFileReference; lastKnownFileType = sourcecode.swift; path = FlameManager.swift; sourceTree = "<group>"; };
		63BCAF2B25A1436300537C17 /* Assets.xcassets */ = {isa = PBXFileReference; lastKnownFileType = folder.assetcatalog; name = Assets.xcassets; path = Flame/Assets.xcassets; sourceTree = SOURCE_ROOT; };
/* End PBXFileReference section */

/* Begin PBXFrameworksBuildPhase section */
		63BCAEFD25A136FA00537C17 /* Frameworks */ = {
			isa = PBXFrameworksBuildPhase;
			buildActionMask = 2147483647;
			files = (
			);
			runOnlyForDeploymentPostprocessing = 0;
		};
/* End PBXFrameworksBuildPhase section */

/* Begin PBXGroup section */
		63BCAEF725A136FA00537C17 = {
			isa = PBXGroup;
			children = (
				63BCAF0225A136FA00537C17 /* Flame */,
				63BCAF0125A136FA00537C17 /* Products */,
			);
			sourceTree = "<group>";
		};
		63BCAF0125A136FA00537C17 /* Products */ = {
			isa = PBXGroup;
			children = (
				63BCAF0025A136FA00537C17 /* Flame.app */,
			);
			name = Products;
			sourceTree = "<group>";
		};
		63BCAF0225A136FA00537C17 /* Flame */ = {
			isa = PBXGroup;
			children = (
				63BCAF0325A136FA00537C17 /* AppDelegate.swift */,
				63BCAF1825A1371500537C17 /* Views */,
				63BCAF1A25A1372100537C17 /* Models */,
				63BCAF2B25A1436300537C17 /* Assets.xcassets */,
				63BCAF0C25A136FE00537C17 /* Main.storyboard */,
				63BCAF0F25A136FE00537C17 /* Info.plist */,
				63BCAF1025A136FE00537C17 /* Flame.entitlements */,
			);
			path = Flame;
			sourceTree = "<group>";
		};
		63BCAF1825A1371500537C17 /* Views */ = {
			isa = PBXGroup;
			children = (
				63BCAF1B25A1374500537C17 /* FlameView.swift */,
			);
			path = Views;
			sourceTree = "<group>";
		};
		63BCAF1A25A1372100537C17 /* Models */ = {
			isa = PBXGroup;
			children = (
				63BCAF2225A137E500537C17 /* FlameManager.swift */,
			);
			path = Models;
			sourceTree = "<group>";
		};
/* End PBXGroup section */

/* Begin PBXNativeTarget section */
		63BCAEFF25A136FA00537C17 /* Flame */ = {
			isa = PBXNativeTarget;
			buildConfigurationList = 63BCAF1325A136FE00537C17 /* Build configuration list for PBXNativeTarget "Flame" */;
			buildPhases = (
				63BCAEFC25A136FA00537C17 /* Sources */,
				63BCAEFD25A136FA00537C17 /* Frameworks */,
				63BCAEFE25A136FA00537C17 /* Resources */,
			);
			buildRules = (
			);
			dependencies = (
			);
			name = Flame;
			productName = Flame;
			productReference = 63BCAF0025A136FA00537C17 /* Flame.app */;
			productType = "com.apple.product-type.application";
		};
/* End PBXNativeTarget section */

/* Begin PBXProject section */
		63BCAEF825A136FA00537C17 /* Project object */ = {
			isa = PBXProject;
			attributes = {
				LastSwiftUpdateCheck = 1230;
				LastUpgradeCheck = 1230;
				TargetAttributes = {
					63BCAEFF25A136FA00537C17 = {
						CreatedOnToolsVersion = 12.3;
					};
				};
			};
			buildConfigurationList = 63BCAEFB25A136FA00537C17 /* Build configuration list for PBXProject "Flame" */;
			compatibilityVersion = "Xcode 9.3";
			developmentRegion = en;
			hasScannedForEncodings = 0;
			knownRegions = (
				en,
				Base,
			);
			mainGroup = 63BCAEF725A136FA00537C17;
			productRefGroup = 63BCAF0125A136FA00537C17 /* Products */;
			projectDirPath = "";
			projectRoot = "";
			targets = (
				63BCAEFF25A136FA00537C17 /* Flame */,
			);
		};
/* End PBXProject section */

/* Begin PBXResourcesBuildPhase section */
		63BCAEFE25A136FA00537C17 /* Resources */ = {
			isa = PBXResourcesBuildPhase;
			buildActionMask = 2147483647;
			files = (
				63BCAF0E25A136FE00537C17 /* Main.storyboard in Resources */,
				63BCAF2C25A1436300537C17 /* Assets.xcassets in Resources */,
			);
			runOnlyForDeploymentPostprocessing = 0;
		};
/* End PBXResourcesBuildPhase section */

/* Begin PBXSourcesBuildPhase section */
		63BCAEFC25A136FA00537C17 /* Sources */ = {
			isa = PBXSourcesBuildPhase;
			buildActionMask = 2147483647;
			files = (
				63BCAF1C25A1374500537C17 /* FlameView.swift in Sources */,
				63BCAF2325A137E500537C17 /* FlameManager.swift in Sources */,
				63BCAF0425A136FA00537C17 /* AppDelegate.swift in Sources */,
			);
			runOnlyForDeploymentPostprocessing = 0;
		};
/* End PBXSourcesBuildPhase section */

/* Begin PBXVariantGroup section */
		63BCAF0C25A136FE00537C17 /* Main.storyboard */ = {
			isa = PBXVariantGroup;
			children = (
				63BCAF0D25A136FE00537C17 /* Base */,
			);
			name = Main.storyboard;
			sourceTree = "<group>";
		};
/* End PBXVariantGroup section */

/* Begin XCBuildConfiguration section */
		63BCAF1125A136FE00537C17 /* Debug */ = {
			isa = XCBuildConfiguration;
			buildSettings = {
				ALWAYS_SEARCH_USER_PATHS = NO;
				CLANG_ANALYZER_NONNULL = YES;
				CLANG_ANALYZER_NUMBER_OBJECT_CONVERSION = YES_AGGRESSIVE;
				CLANG_CXX_LANGUAGE_STANDARD = "gnu++14";
				CLANG_CXX_LIBRARY = "libc++";
				CLANG_ENABLE_MODULES = YES;
				CLANG_ENABLE_OBJC_ARC = YES;
				CLANG_ENABLE_OBJC_WEAK = YES;
				CLANG_WARN_BLOCK_CAPTURE_AUTORELEASING = YES;
				CLANG_WARN_BOOL_CONVERSION = YES;
				CLANG_WARN_COMMA = YES;
				CLANG_WARN_CONSTANT_CONVERSION = YES;
				CLANG_WARN_DEPRECATED_OBJC_IMPLEMENTATIONS = YES;
				CLANG_WARN_DIRECT_OBJC_ISA_USAGE = YES_ERROR;
				CLANG_WARN_DOCUMENTATION_COMMENTS = YES;
				CLANG_WARN_EMPTY_BODY = YES;
				CLANG_WARN_ENUM_CONVERSION = YES;
				CLANG_WARN_INFINITE_RECURSION = YES;
				CLANG_WARN_INT_CONVERSION = YES;
				CLANG_WARN_NON_LITERAL_NULL_CONVERSION = YES;
				CLANG_WARN_OBJC_IMPLICIT_RETAIN_SELF = YES;
				CLANG_WARN_OBJC_LITERAL_CONVERSION = YES;
				CLANG_WARN_OBJC_ROOT_CLASS = YES_ERROR;
				CLANG_WARN_QUOTED_INCLUDE_IN_FRAMEWORK_HEADER = YES;
				CLANG_WARN_RANGE_LOOP_ANALYSIS = YES;
				CLANG_WARN_STRICT_PROTOTYPES = YES;
				CLANG_WARN_SUSPICIOUS_MOVE = YES;
				CLANG_WARN_UNGUARDED_AVAILABILITY = YES_AGGRESSIVE;
				CLANG_WARN_UNREACHABLE_CODE = YES;
				CLANG_WARN__DUPLICATE_METHOD_MATCH = YES;
				COPY_PHASE_STRIP = NO;
				DEBUG_INFORMATION_FORMAT = dwarf;
				ENABLE_STRICT_OBJC_MSGSEND = YES;
				ENABLE_TESTABILITY = YES;
				GCC_C_LANGUAGE_STANDARD = gnu11;
				GCC_DYNAMIC_NO_PIC = NO;
				GCC_NO_COMMON_BLOCKS = YES;
				GCC_OPTIMIZATION_LEVEL = 0;
				GCC_PREPROCESSOR_DEFINITIONS = (
					"DEBUG=1",
					"$(inherited)",
				);
				GCC_WARN_64_TO_32_BIT_CONVERSION = YES;
				GCC_WARN_ABOUT_RETURN_TYPE = YES_ERROR;
				GCC_WARN_UNDECLARED_SELECTOR = YES;
				GCC_WARN_UNINITIALIZED_AUTOS = YES_AGGRESSIVE;
				GCC_WARN_UNUSED_FUNCTION = YES;
				GCC_WARN_UNUSED_VARIABLE = YES;
				MACOSX_DEPLOYMENT_TARGET = 11.0;
				MTL_ENABLE_DEBUG_INFO = INCLUDE_SOURCE;
				MTL_FAST_MATH = YES;
				ONLY_ACTIVE_ARCH = YES;
				SDKROOT = macosx;
				SWIFT_ACTIVE_COMPILATION_CONDITIONS = DEBUG;
				SWIFT_OPTIMIZATION_LEVEL = "-Onone";
			};
			name = Debug;
		};
		63BCAF1225A136FE00537C17 /* Release */ = {
			isa = XCBuildConfiguration;
			buildSettings = {
				ALWAYS_SEARCH_USER_PATHS = NO;
				CLANG_ANALYZER_NONNULL = YES;
				CLANG_ANALYZER_NUMBER_OBJECT_CONVERSION = YES_AGGRESSIVE;
				CLANG_CXX_LANGUAGE_STANDARD = "gnu++14";
				CLANG_CXX_LIBRARY = "libc++";
				CLANG_ENABLE_MODULES = YES;
				CLANG_ENABLE_OBJC_ARC = YES;
				CLANG_ENABLE_OBJC_WEAK = YES;
				CLANG_WARN_BLOCK_CAPTURE_AUTORELEASING = YES;
				CLANG_WARN_BOOL_CONVERSION = YES;
				CLANG_WARN_COMMA = YES;
				CLANG_WARN_CONSTANT_CONVERSION = YES;
				CLANG_WARN_DEPRECATED_OBJC_IMPLEMENTATIONS = YES;
				CLANG_WARN_DIRECT_OBJC_ISA_USAGE = YES_ERROR;
				CLANG_WARN_DOCUMENTATION_COMMENTS = YES;
				CLANG_WARN_EMPTY_BODY = YES;
				CLANG_WARN_ENUM_CONVERSION = YES;
				CLANG_WARN_INFINITE_RECURSION = YES;
				CLANG_WARN_INT_CONVERSION = YES;
				CLANG_WARN_NON_LITERAL_NULL_CONVERSION = YES;
				CLANG_WARN_OBJC_IMPLICIT_RETAIN_SELF = YES;
				CLANG_WARN_OBJC_LITERAL_CONVERSION = YES;
				CLANG_WARN_OBJC_ROOT_CLASS = YES_ERROR;
				CLANG_WARN_QUOTED_INCLUDE_IN_FRAMEWORK_HEADER = YES;
				CLANG_WARN_RANGE_LOOP_ANALYSIS = YES;
				CLANG_WARN_STRICT_PROTOTYPES = YES;
				CLANG_WARN_SUSPICIOUS_MOVE = YES;
				CLANG_WARN_UNGUARDED_AVAILABILITY = YES_AGGRESSIVE;
				CLANG_WARN_UNREACHABLE_CODE = YES;
				CLANG_WARN__DUPLICATE_METHOD_MATCH = YES;
				COPY_PHASE_STRIP = NO;
				DEBUG_INFORMATION_FORMAT = "dwarf-with-dsym";
				ENABLE_NS_ASSERTIONS = NO;
				ENABLE_STRICT_OBJC_MSGSEND = YES;
				GCC_C_LANGUAGE_STANDARD = gnu11;
				GCC_NO_COMMON_BLOCKS = YES;
				GCC_WARN_64_TO_32_BIT_CONVERSION = YES;
				GCC_WARN_ABOUT_RETURN_TYPE = YES_ERROR;
				GCC_WARN_UNDECLARED_SELECTOR = YES;
				GCC_WARN_UNINITIALIZED_AUTOS = YES_AGGRESSIVE;
				GCC_WARN_UNUSED_FUNCTION = YES;
				GCC_WARN_UNUSED_VARIABLE = YES;
				MACOSX_DEPLOYMENT_TARGET = 11.0;
				MTL_ENABLE_DEBUG_INFO = NO;
				MTL_FAST_MATH = YES;
				SDKROOT = macosx;
				SWIFT_COMPILATION_MODE = wholemodule;
				SWIFT_OPTIMIZATION_LEVEL = "-O";
			};
			name = Release;
		};
		63BCAF1425A136FE00537C17 /* Debug */ = {
			isa = XCBuildConfiguration;
			buildSettings = {
				ASSETCATALOG_COMPILER_APPICON_NAME = AppIcon;
				ASSETCATALOG_COMPILER_GLOBAL_ACCENT_COLOR_NAME = AccentColor;
				CODE_SIGN_ENTITLEMENTS = Flame/Flame.entitlements;
				CODE_SIGN_STYLE = Automatic;
				COMBINE_HIDPI_IMAGES = YES;
				DEVELOPMENT_ASSET_PATHS = "";
				DEVELOPMENT_TEAM = UY72C74W7W;
				ENABLE_HARDENED_RUNTIME = YES;
				ENABLE_PREVIEWS = YES;
				INFOPLIST_FILE = Flame/Info.plist;
				LD_RUNPATH_SEARCH_PATHS = (
					"$(inherited)",
					"@executable_path/../Frameworks",
				);
				MACOSX_DEPLOYMENT_TARGET = 11.0;
				PRODUCT_BUNDLE_IDENTIFIER = com.EamonTracey.Flame;
				PRODUCT_NAME = "$(TARGET_NAME)";
				SWIFT_VERSION = 5.0;
			};
			name = Debug;
		};
		63BCAF1525A136FE00537C17 /* Release */ = {
			isa = XCBuildConfiguration;
			buildSettings = {
				ASSETCATALOG_COMPILER_APPICON_NAME = AppIcon;
				ASSETCATALOG_COMPILER_GLOBAL_ACCENT_COLOR_NAME = AccentColor;
				CODE_SIGN_ENTITLEMENTS = Flame/Flame.entitlements;
				CODE_SIGN_STYLE = Automatic;
				COMBINE_HIDPI_IMAGES = YES;
				DEVELOPMENT_ASSET_PATHS = "";
				DEVELOPMENT_TEAM = UY72C74W7W;
				ENABLE_HARDENED_RUNTIME = YES;
				ENABLE_PREVIEWS = YES;
				INFOPLIST_FILE = Flame/Info.plist;
				LD_RUNPATH_SEARCH_PATHS = (
					"$(inherited)",
					"@executable_path/../Frameworks",
				);
				MACOSX_DEPLOYMENT_TARGET = 11.0;
				PRODUCT_BUNDLE_IDENTIFIER = com.EamonTracey.Flame;
				PRODUCT_NAME = "$(TARGET_NAME)";
				SWIFT_VERSION = 5.0;
			};
			name = Release;
		};
/* End XCBuildConfiguration section */

/* Begin XCConfigurationList section */
		63BCAEFB25A136FA00537C17 /* Build configuration list for PBXProject "Flame" */ = {
			isa = XCConfigurationList;
			buildConfigurations = (
				63BCAF1125A136FE00537C17 /* Debug */,
				63BCAF1225A136FE00537C17 /* Release */,
			);
			defaultConfigurationIsVisible = 0;
			defaultConfigurationName = Release;
		};
		63BCAF1325A136FE00537C17 /* Build configuration list for PBXNativeTarget "Flame" */ = {
			isa = XCConfigurationList;
			buildConfigurations = (
				63BCAF1425A136FE00537C17 /* Debug */,
				63BCAF1525A136FE00537C17 /* Release */,
			);
			defaultConfigurationIsVisible = 0;
			defaultConfigurationName = Release;
		};
/* End XCConfigurationList section */
	};
	rootObject = 63BCAEF825A136FA00537C17 /* Project object */;
}
